
Microsoft Visual Studio Solution File, Format Version 12.00
# Visual Studio 15
VisualStudioVersion = 15.0.27428.1
MinimumVisualStudioVersion = 10.0.40219.1
Project("{2150E333-8FDC-42A3-9474-1A3956D46DE8}") = "Solution Items", "Solution Items", "{7939456F-2CC6-4242-96AB-E1C8D75C0D79}"
	ProjectSection(SolutionItems) = preProject
		appveyor.yml = appveyor.yml
		codecov.yml = codecov.yml
		Directory.Build.props = Directory.Build.props
		Directory.Build.targets = Directory.Build.targets
		LICENSE.txt = LICENSE.txt
		README.md = README.md
		THIRD-PARTY-NOTICES.txt = THIRD-PARTY-NOTICES.txt
	EndProjectSection
EndProject
Project("{9A19103F-16F7-4668-BE54-9A1E7A4F7556}") = "Tvl.VisualStudio.MouseFastScroll", "Tvl.VisualStudio.MouseFastScroll\Tvl.VisualStudio.MouseFastScroll.csproj", "{7DFA0DD1-8052-464D-9A1A-5EADC10A84B0}"
EndProject
Project("{9A19103F-16F7-4668-BE54-9A1E7A4F7556}") = "Tvl.VisualStudio.MouseFastScroll.IntegrationTests", "Tvl.VisualStudio.MouseFastScroll.IntegrationTests\Tvl.VisualStudio.MouseFastScroll.IntegrationTests.csproj", "{05BCF25F-BC5C-40AC-8A2C-66EB3969F0FB}"
EndProject
Project("{9A19103F-16F7-4668-BE54-9A1E7A4F7556}") = "Tvl.VisualStudio.MouseFastScroll.IntegrationTestService", "Tvl.VisualStudio.MouseFastScroll.IntegrationTestService\Tvl.VisualStudio.MouseFastScroll.IntegrationTestService.csproj", "{0366D6B8-8F75-47C2-A11E-1E69F1B9380C}"
EndProject
Project("{9A19103F-16F7-4668-BE54-9A1E7A4F7556}") = "Tvl.VisualStudio.MouseFastScroll.UnitTests", "Tvl.VisualStudio.MouseFastScroll.UnitTests\Tvl.VisualStudio.MouseFastScroll.UnitTests.csproj", "{5630A9D3-6B83-473B-BCE7-FFEB6D2E1063}"
EndProject
Project("{9A19103F-16F7-4668-BE54-9A1E7A4F7556}") = "Tvl.VisualStudio.MouseFastScroll.IntegrationTests.VsixInstaller.11", "Tvl.VisualStudio.MouseFastScroll.IntegrationTests.VsixInstaller.11\Tvl.VisualStudio.MouseFastScroll.IntegrationTests.VsixInstaller.11.csproj", "{DC749EFA-E310-4C80-A23B-BF23FC4494CC}"
EndProject
Project("{9A19103F-16F7-4668-BE54-9A1E7A4F7556}") = "Tvl.VisualStudio.MouseFastScroll.IntegrationTests.VsixInstaller.12", "Tvl.VisualStudio.MouseFastScroll.IntegrationTests.VsixInstaller.12\Tvl.VisualStudio.MouseFastScroll.IntegrationTests.VsixInstaller.12.csproj", "{AD2B4DA7-1361-48FF-928D-29C6BAF7338B}"
EndProject
Project("{9A19103F-16F7-4668-BE54-9A1E7A4F7556}") = "Tvl.VisualStudio.MouseFastScroll.IntegrationTests.VsixInstaller.14", "Tvl.VisualStudio.MouseFastScroll.IntegrationTests.VsixInstaller.14\Tvl.VisualStudio.MouseFastScroll.IntegrationTests.VsixInstaller.14.csproj", "{54B103B1-DD88-4500-918F-B2F1AFD7984A}"
EndProject
Global
	GlobalSection(SolutionConfigurationPlatforms) = preSolution
		Debug|Any CPU = Debug|Any CPU
		Release|Any CPU = Release|Any CPU
	EndGlobalSection
	GlobalSection(ProjectConfigurationPlatforms) = postSolution
		{7DFA0DD1-8052-464D-9A1A-5EADC10A84B0}.Debug|Any CPU.ActiveCfg = Debug|Any CPU
		{7DFA0DD1-8052-464D-9A1A-5EADC10A84B0}.Debug|Any CPU.Build.0 = Debug|Any CPU
		{7DFA0DD1-8052-464D-9A1A-5EADC10A84B0}.Release|Any CPU.ActiveCfg = Release|Any CPU
		{7DFA0DD1-8052-464D-9A1A-5EADC10A84B0}.Release|Any CPU.Build.0 = Release|Any CPU
		{05BCF25F-BC5C-40AC-8A2C-66EB3969F0FB}.Debug|Any CPU.ActiveCfg = Debug|x86
		{05BCF25F-BC5C-40AC-8A2C-66EB3969F0FB}.Debug|Any CPU.Build.0 = Debug|x86
		{05BCF25F-BC5C-40AC-8A2C-66EB3969F0FB}.Release|Any CPU.ActiveCfg = Release|x86
		{05BCF25F-BC5C-40AC-8A2C-66EB3969F0FB}.Release|Any CPU.Build.0 = Release|x86
		{0366D6B8-8F75-47C2-A11E-1E69F1B9380C}.Debug|Any CPU.ActiveCfg = Debug|Any CPU
		{0366D6B8-8F75-47C2-A11E-1E69F1B9380C}.Debug|Any CPU.Build.0 = Debug|Any CPU
		{0366D6B8-8F75-47C2-A11E-1E69F1B9380C}.Release|Any CPU.ActiveCfg = Release|Any CPU
		{0366D6B8-8F75-47C2-A11E-1E69F1B9380C}.Release|Any CPU.Build.0 = Release|Any CPU
		{5630A9D3-6B83-473B-BCE7-FFEB6D2E1063}.Debug|Any CPU.ActiveCfg = Debug|Any CPU
		{5630A9D3-6B83-473B-BCE7-FFEB6D2E1063}.Debug|Any CPU.Build.0 = Debug|Any CPU
		{5630A9D3-6B83-473B-BCE7-FFEB6D2E1063}.Release|Any CPU.ActiveCfg = Release|Any CPU
		{5630A9D3-6B83-473B-BCE7-FFEB6D2E1063}.Release|Any CPU.Build.0 = Release|Any CPU
		{DC749EFA-E310-4C80-A23B-BF23FC4494CC}.Debug|Any CPU.ActiveCfg = Debug|x86
		{DC749EFA-E310-4C80-A23B-BF23FC4494CC}.Debug|Any CPU.Build.0 = Debug|x86
		{DC749EFA-E310-4C80-A23B-BF23FC4494CC}.Release|Any CPU.ActiveCfg = Release|x86
		{DC749EFA-E310-4C80-A23B-BF23FC4494CC}.Release|Any CPU.Build.0 = Release|x86
		{AD2B4DA7-1361-48FF-928D-29C6BAF7338B}.Debug|Any CPU.ActiveCfg = Debug|x86
		{AD2B4DA7-1361-48FF-928D-29C6BAF7338B}.Debug|Any CPU.Build.0 = Debug|x86
		{AD2B4DA7-1361-48FF-928D-29C6BAF7338B}.Release|Any CPU.ActiveCfg = Release|x86
		{AD2B4DA7-1361-48FF-928D-29C6BAF7338B}.Release|Any CPU.Build.0 = Release|x86
		{54B103B1-DD88-4500-918F-B2F1AFD7984A}.Debug|Any CPU.ActiveCfg = Debug|x86
		{54B103B1-DD88-4500-918F-B2F1AFD7984A}.Debug|Any CPU.Build.0 = Debug|x86
		{54B103B1-DD88-4500-918F-B2F1AFD7984A}.Release|Any CPU.ActiveCfg = Release|x86
		{54B103B1-DD88-4500-918F-B2F1AFD7984A}.Release|Any CPU.Build.0 = Release|x86
	EndGlobalSection
	GlobalSection(SolutionProperties) = preSolution
		HideSolutionNode = FALSE
	EndGlobalSection
	GlobalSection(ExtensibilityGlobals) = postSolution
		SolutionGuid = {03FE809E-E84A-4B12-9FCF-D50C52F1AEA6}
	EndGlobalSection
EndGlobal
